
Microsoft Visual Studio Solution File, Format Version 12.00
# Visual Studio 15
VisualStudioVersion = 15.0.27428.2015
MinimumVisualStudioVersion = 10.0.40219.1
Project("{FAE04EC0-301F-11D3-BF4B-00C04F79EFBC}") = "Convex.Net", "Convex.Net\Convex.Net.csproj", "{F176B9A5-7CE3-478F-B5FD-4480F7AC2379}"
EndProject
Global
	GlobalSection(SolutionConfigurationPlatforms) = preSolution
		Debug|Any CPU = Debug|Any CPU
		Release|Any CPU = Release|Any CPU
	EndGlobalSection
	GlobalSection(ProjectConfigurationPlatforms) = postSolution
		{F176B9A5-7CE3-478F-B5FD-4480F7AC2379}.Debug|Any CPU.ActiveCfg = Debug|Any CPU
		{F176B9A5-7CE3-478F-B5FD-4480F7AC2379}.Debug|Any CPU.Build.0 = Debug|Any CPU
		{F176B9A5-7CE3-478F-B5FD-4480F7AC2379}.Release|Any CPU.ActiveCfg = Release|Any CPU
		{F176B9A5-7CE3-478F-B5FD-4480F7AC2379}.Release|Any CPU.Build.0 = Release|Any CPU
	EndGlobalSection
	GlobalSection(SolutionProperties) = preSolution
		HideSolutionNode = FALSE
	EndGlobalSection
	GlobalSection(ExtensibilityGlobals) = postSolution
		SolutionGuid = {80B1EC0D-B0BE-46C6-AD86-99BC13A387A4}
	EndGlobalSection
EndGlobal
